// !$*UTF8*$!
{
	archiveVersion = 1;
	classes = {
	};
	objectVersion = 55;
	objects = {

/* Begin PBXBuildFile section */
		9246B19527D5335C00C3A5DE /* AppDelegate.swift in Sources */ = {isa = PBXBuildFile; fileRef = 9246B19427D5335C00C3A5DE /* AppDelegate.swift */; };
		9246B19727D5335C00C3A5DE /* SceneDelegate.swift in Sources */ = {isa = PBXBuildFile; fileRef = 9246B19627D5335C00C3A5DE /* SceneDelegate.swift */; };
		9246B19927D5335C00C3A5DE /* ViewController.swift in Sources */ = {isa = PBXBuildFile; fileRef = 9246B19827D5335C00C3A5DE /* ViewController.swift */; };
		9246B19C27D5335C00C3A5DE /* Main.storyboard in Resources */ = {isa = PBXBuildFile; fileRef = 9246B19A27D5335C00C3A5DE /* Main.storyboard */; };
		9246B19E27D5335E00C3A5DE /* Assets.xcassets in Resources */ = {isa = PBXBuildFile; fileRef = 9246B19D27D5335E00C3A5DE /* Assets.xcassets */; };
		9246B1A127D5335E00C3A5DE /* LaunchScreen.storyboard in Resources */ = {isa = PBXBuildFile; fileRef = 9246B19F27D5335E00C3A5DE /* LaunchScreen.storyboard */; };
		9246B1A927D533B500C3A5DE /* Article.swift in Sources */ = {isa = PBXBuildFile; fileRef = 9246B1A827D533B500C3A5DE /* Article.swift */; };
		9246B1AB27D536B800C3A5DE /* ArticleService.swift in Sources */ = {isa = PBXBuildFile; fileRef = 9246B1AA27D536B800C3A5DE /* ArticleService.swift */; };
		9246B1AD27D5388C00C3A5DE /* ArticleModel.swift in Sources */ = {isa = PBXBuildFile; fileRef = 9246B1AC27D5388C00C3A5DE /* ArticleModel.swift */; };
		9246B1AF27D6447400C3A5DE /* DetailViewController.swift in Sources */ = {isa = PBXBuildFile; fileRef = 9246B1AE27D6447400C3A5DE /* DetailViewController.swift */; };
		9246B1B127D68A8A00C3A5DE /* ArticleCell.swift in Sources */ = {isa = PBXBuildFile; fileRef = 9246B1B027D68A8A00C3A5DE /* ArticleCell.swift */; };
		9246B1B327D6B49800C3A5DE /* CacheManager.swift in Sources */ = {isa = PBXBuildFile; fileRef = 9246B1B227D6B49800C3A5DE /* CacheManager.swift */; };
		9246B1B627D75F5300C3A5DE /* WebKit.framework in Frameworks */ = {isa = PBXBuildFile; fileRef = 9246B1B527D75F5300C3A5DE /* WebKit.framework */; };
/* End PBXBuildFile section */

/* Begin PBXFileReference section */
		9246B19127D5335C00C3A5DE /* News.app */ = {isa = PBXFileReference; explicitFileType = wrapper.application; includeInIndex = 0; path = News.app; sourceTree = BUILT_PRODUCTS_DIR; };
		9246B19427D5335C00C3A5DE /* AppDelegate.swift */ = {isa = PBXFileReference; lastKnownFileType = sourcecode.swift; path = AppDelegate.swift; sourceTree = "<group>"; };
		9246B19627D5335C00C3A5DE /* SceneDelegate.swift */ = {isa = PBXFileReference; lastKnownFileType = sourcecode.swift; path = SceneDelegate.swift; sourceTree = "<group>"; };
		9246B19827D5335C00C3A5DE /* ViewController.swift */ = {isa = PBXFileReference; lastKnownFileType = sourcecode.swift; path = ViewController.swift; sourceTree = "<group>"; };
		9246B19B27D5335C00C3A5DE /* Base */ = {isa = PBXFileReference; lastKnownFileType = file.storyboard; name = Base; path = Base.lproj/Main.storyboard; sourceTree = "<group>"; };
		9246B19D27D5335E00C3A5DE /* Assets.xcassets */ = {isa = PBXFileReference; lastKnownFileType = folder.assetcatalog; path = Assets.xcassets; sourceTree = "<group>"; };
		9246B1A027D5335E00C3A5DE /* Base */ = {isa = PBXFileReference; lastKnownFileType = file.storyboard; name = Base; path = Base.lproj/LaunchScreen.storyboard; sourceTree = "<group>"; };
		9246B1A227D5335E00C3A5DE /* Info.plist */ = {isa = PBXFileReference; lastKnownFileType = text.plist.xml; path = Info.plist; sourceTree = "<group>"; };
		9246B1A827D533B500C3A5DE /* Article.swift */ = {isa = PBXFileReference; lastKnownFileType = sourcecode.swift; path = Article.swift; sourceTree = "<group>"; };
		9246B1AA27D536B800C3A5DE /* ArticleService.swift */ = {isa = PBXFileReference; lastKnownFileType = sourcecode.swift; path = ArticleService.swift; sourceTree = "<group>"; };
		9246B1AC27D5388C00C3A5DE /* ArticleModel.swift */ = {isa = PBXFileReference; lastKnownFileType = sourcecode.swift; path = ArticleModel.swift; sourceTree = "<group>"; };
		9246B1AE27D6447400C3A5DE /* DetailViewController.swift */ = {isa = PBXFileReference; lastKnownFileType = sourcecode.swift; path = DetailViewController.swift; sourceTree = "<group>"; };
		9246B1B027D68A8A00C3A5DE /* ArticleCell.swift */ = {isa = PBXFileReference; lastKnownFileType = sourcecode.swift; path = ArticleCell.swift; sourceTree = "<group>"; };
		9246B1B227D6B49800C3A5DE /* CacheManager.swift */ = {isa = PBXFileReference; lastKnownFileType = sourcecode.swift; path = CacheManager.swift; sourceTree = "<group>"; };
		9246B1B527D75F5300C3A5DE /* WebKit.framework */ = {isa = PBXFileReference; lastKnownFileType = wrapper.framework; name = WebKit.framework; path = System/Library/Frameworks/WebKit.framework; sourceTree = SDKROOT; };
/* End PBXFileReference section */

/* Begin PBXFrameworksBuildPhase section */
		9246B18E27D5335C00C3A5DE /* Frameworks */ = {
			isa = PBXFrameworksBuildPhase;
			buildActionMask = 2147483647;
			files = (
				9246B1B627D75F5300C3A5DE /* WebKit.framework in Frameworks */,
			);
			runOnlyForDeploymentPostprocessing = 0;
		};
/* End PBXFrameworksBuildPhase section */

/* Begin PBXGroup section */
		9246B18827D5335C00C3A5DE = {
			isa = PBXGroup;
			children = (
				9246B19327D5335C00C3A5DE /* News */,
				9246B19227D5335C00C3A5DE /* Products */,
				9246B1B427D75F5200C3A5DE /* Frameworks */,
			);
			sourceTree = "<group>";
		};
		9246B19227D5335C00C3A5DE /* Products */ = {
			isa = PBXGroup;
			children = (
				9246B19127D5335C00C3A5DE /* News.app */,
			);
			name = Products;
			sourceTree = "<group>";
		};
		9246B19327D5335C00C3A5DE /* News */ = {
			isa = PBXGroup;
			children = (
				9246B19427D5335C00C3A5DE /* AppDelegate.swift */,
				9246B19627D5335C00C3A5DE /* SceneDelegate.swift */,
				9246B19827D5335C00C3A5DE /* ViewController.swift */,
				9246B1AE27D6447400C3A5DE /* DetailViewController.swift */,
				9246B1B027D68A8A00C3A5DE /* ArticleCell.swift */,
				9246B1AC27D5388C00C3A5DE /* ArticleModel.swift */,
				9246B1AA27D536B800C3A5DE /* ArticleService.swift */,
				9246B1A827D533B500C3A5DE /* Article.swift */,
				9246B1B227D6B49800C3A5DE /* CacheManager.swift */,
				9246B19A27D5335C00C3A5DE /* Main.storyboard */,
				9246B19D27D5335E00C3A5DE /* Assets.xcassets */,
				9246B19F27D5335E00C3A5DE /* LaunchScreen.storyboard */,
				9246B1A227D5335E00C3A5DE /* Info.plist */,
			);
			path = News;
			sourceTree = "<group>";
		};
		9246B1B427D75F5200C3A5DE /* Frameworks */ = {
			isa = PBXGroup;
			children = (
				9246B1B527D75F5300C3A5DE /* WebKit.framework */,
			);
			name = Frameworks;
			sourceTree = "<group>";
		};
/* End PBXGroup section */

/* Begin PBXNativeTarget section */
		9246B19027D5335C00C3A5DE /* News */ = {
			isa = PBXNativeTarget;
			buildConfigurationList = 9246B1A527D5335E00C3A5DE /* Build configuration list for PBXNativeTarget "News" */;
			buildPhases = (
				9246B18D27D5335C00C3A5DE /* Sources */,
				9246B18E27D5335C00C3A5DE /* Frameworks */,
				9246B18F27D5335C00C3A5DE /* Resources */,
			);
			buildRules = (
			);
			dependencies = (
			);
			name = News;
			productName = News;
			productReference = 9246B19127D5335C00C3A5DE /* News.app */;
			productType = "com.apple.product-type.application";
		};
/* End PBXNativeTarget section */

/* Begin PBXProject section */
		9246B18927D5335C00C3A5DE /* Project object */ = {
			isa = PBXProject;
			attributes = {
				BuildIndependentTargetsInParallel = 1;
				LastSwiftUpdateCheck = 1310;
				LastUpgradeCheck = 1310;
				TargetAttributes = {
					9246B19027D5335C00C3A5DE = {
						CreatedOnToolsVersion = 13.1;
					};
				};
			};
			buildConfigurationList = 9246B18C27D5335C00C3A5DE /* Build configuration list for PBXProject "News" */;
			compatibilityVersion = "Xcode 13.0";
			developmentRegion = en;
			hasScannedForEncodings = 0;
			knownRegions = (
				en,
				Base,
			);
			mainGroup = 9246B18827D5335C00C3A5DE;
			productRefGroup = 9246B19227D5335C00C3A5DE /* Products */;
			projectDirPath = "";
			projectRoot = "";
			targets = (
				9246B19027D5335C00C3A5DE /* News */,
			);
		};
/* End PBXProject section */

/* Begin PBXResourcesBuildPhase section */
		9246B18F27D5335C00C3A5DE /* Resources */ = {
			isa = PBXResourcesBuildPhase;
			buildActionMask = 2147483647;
			files = (
				9246B1A127D5335E00C3A5DE /* LaunchScreen.storyboard in Resources */,
				9246B19E27D5335E00C3A5DE /* Assets.xcassets in Resources */,
				9246B19C27D5335C00C3A5DE /* Main.storyboard in Resources */,
			);
			runOnlyForDeploymentPostprocessing = 0;
		};
/* End PBXResourcesBuildPhase section */

/* Begin PBXSourcesBuildPhase section */
		9246B18D27D5335C00C3A5DE /* Sources */ = {
			isa = PBXSourcesBuildPhase;
			buildActionMask = 2147483647;
			files = (
				9246B1B127D68A8A00C3A5DE /* ArticleCell.swift in Sources */,
				9246B1B327D6B49800C3A5DE /* CacheManager.swift in Sources */,
				9246B1AB27D536B800C3A5DE /* ArticleService.swift in Sources */,
				9246B1A927D533B500C3A5DE /* Article.swift in Sources */,
				9246B19927D5335C00C3A5DE /* ViewController.swift in Sources */,
				9246B19527D5335C00C3A5DE /* AppDelegate.swift in Sources */,
				9246B1AD27D5388C00C3A5DE /* ArticleModel.swift in Sources */,
				9246B19727D5335C00C3A5DE /* SceneDelegate.swift in Sources */,
				9246B1AF27D6447400C3A5DE /* DetailViewController.swift in Sources */,
			);
			runOnlyForDeploymentPostprocessing = 0;
		};
/* End PBXSourcesBuildPhase section */

/* Begin PBXVariantGroup section */
		9246B19A27D5335C00C3A5DE /* Main.storyboard */ = {
			isa = PBXVariantGroup;
			children = (
				9246B19B27D5335C00C3A5DE /* Base */,
			);
			name = Main.storyboard;
			sourceTree = "<group>";
		};
		9246B19F27D5335E00C3A5DE /* LaunchScreen.storyboard */ = {
			isa = PBXVariantGroup;
			children = (
				9246B1A027D5335E00C3A5DE /* Base */,
			);
			name = LaunchScreen.storyboard;
			sourceTree = "<group>";
		};
/* End PBXVariantGroup section */

/* Begin XCBuildConfiguration section */
		9246B1A327D5335E00C3A5DE /* Debug */ = {
			isa = XCBuildConfiguration;
			buildSettings = {
				ALWAYS_SEARCH_USER_PATHS = NO;
				CLANG_ANALYZER_NONNULL = YES;
				CLANG_ANALYZER_NUMBER_OBJECT_CONVERSION = YES_AGGRESSIVE;
				CLANG_CXX_LANGUAGE_STANDARD = "gnu++17";
				CLANG_CXX_LIBRARY = "libc++";
				CLANG_ENABLE_MODULES = YES;
				CLANG_ENABLE_OBJC_ARC = YES;
				CLANG_ENABLE_OBJC_WEAK = YES;
				CLANG_WARN_BLOCK_CAPTURE_AUTORELEASING = YES;
				CLANG_WARN_BOOL_CONVERSION = YES;
				CLANG_WARN_COMMA = YES;
				CLANG_WARN_CONSTANT_CONVERSION = YES;
				CLANG_WARN_DEPRECATED_OBJC_IMPLEMENTATIONS = YES;
				CLANG_WARN_DIRECT_OBJC_ISA_USAGE = YES_ERROR;
				CLANG_WARN_DOCUMENTATION_COMMENTS = YES;
				CLANG_WARN_EMPTY_BODY = YES;
				CLANG_WARN_ENUM_CONVERSION = YES;
				CLANG_WARN_INFINITE_RECURSION = YES;
				CLANG_WARN_INT_CONVERSION = YES;
				CLANG_WARN_NON_LITERAL_NULL_CONVERSION = YES;
				CLANG_WARN_OBJC_IMPLICIT_RETAIN_SELF = YES;
				CLANG_WARN_OBJC_LITERAL_CONVERSION = YES;
				CLANG_WARN_OBJC_ROOT_CLASS = YES_ERROR;
				CLANG_WARN_QUOTED_INCLUDE_IN_FRAMEWORK_HEADER = YES;
				CLANG_WARN_RANGE_LOOP_ANALYSIS = YES;
				CLANG_WARN_STRICT_PROTOTYPES = YES;
				CLANG_WARN_SUSPICIOUS_MOVE = YES;
				CLANG_WARN_UNGUARDED_AVAILABILITY = YES_AGGRESSIVE;
				CLANG_WARN_UNREACHABLE_CODE = YES;
				CLANG_WARN__DUPLICATE_METHOD_MATCH = YES;
				COPY_PHASE_STRIP = NO;
				DEBUG_INFORMATION_FORMAT = dwarf;
				ENABLE_STRICT_OBJC_MSGSEND = YES;
				ENABLE_TESTABILITY = YES;
				GCC_C_LANGUAGE_STANDARD = gnu11;
				GCC_DYNAMIC_NO_PIC = NO;
				GCC_NO_COMMON_BLOCKS = YES;
				GCC_OPTIMIZATION_LEVEL = 0;
				GCC_PREPROCESSOR_DEFINITIONS = (
					"DEBUG=1",
					"$(inherited)",
				);
				GCC_WARN_64_TO_32_BIT_CONVERSION = YES;
				GCC_WARN_ABOUT_RETURN_TYPE = YES_ERROR;
				GCC_WARN_UNDECLARED_SELECTOR = YES;
				GCC_WARN_UNINITIALIZED_AUTOS = YES_AGGRESSIVE;
				GCC_WARN_UNUSED_FUNCTION = YES;
				GCC_WARN_UNUSED_VARIABLE = YES;
				IPHONEOS_DEPLOYMENT_TARGET = 15.0;
				MTL_ENABLE_DEBUG_INFO = INCLUDE_SOURCE;
				MTL_FAST_MATH = YES;
				ONLY_ACTIVE_ARCH = YES;
				SDKROOT = iphoneos;
				SWIFT_ACTIVE_COMPILATION_CONDITIONS = DEBUG;
				SWIFT_OPTIMIZATION_LEVEL = "-Onone";
			};
			name = Debug;
		};
		9246B1A427D5335E00C3A5DE /* Release */ = {
			isa = XCBuildConfiguration;
			buildSettings = {
				ALWAYS_SEARCH_USER_PATHS = NO;
				CLANG_ANALYZER_NONNULL = YES;
				CLANG_ANALYZER_NUMBER_OBJECT_CONVERSION = YES_AGGRESSIVE;
				CLANG_CXX_LANGUAGE_STANDARD = "gnu++17";
				CLANG_CXX_LIBRARY = "libc++";
				CLANG_ENABLE_MODULES = YES;
				CLANG_ENABLE_OBJC_ARC = YES;
				CLANG_ENABLE_OBJC_WEAK = YES;
				CLANG_WARN_BLOCK_CAPTURE_AUTORELEASING = YES;
				CLANG_WARN_BOOL_CONVERSION = YES;
				CLANG_WARN_COMMA = YES;
				CLANG_WARN_CONSTANT_CONVERSION = YES;
				CLANG_WARN_DEPRECATED_OBJC_IMPLEMENTATIONS = YES;
				CLANG_WARN_DIRECT_OBJC_ISA_USAGE = YES_ERROR;
				CLANG_WARN_DOCUMENTATION_COMMENTS = YES;
				CLANG_WARN_EMPTY_BODY = YES;
				CLANG_WARN_ENUM_CONVERSION = YES;
				CLANG_WARN_INFINITE_RECURSION = YES;
				CLANG_WARN_INT_CONVERSION = YES;
				CLANG_WARN_NON_LITERAL_NULL_CONVERSION = YES;
				CLANG_WARN_OBJC_IMPLICIT_RETAIN_SELF = YES;
				CLANG_WARN_OBJC_LITERAL_CONVERSION = YES;
				CLANG_WARN_OBJC_ROOT_CLASS = YES_ERROR;
				CLANG_WARN_QUOTED_INCLUDE_IN_FRAMEWORK_HEADER = YES;
				CLANG_WARN_RANGE_LOOP_ANALYSIS = YES;
				CLANG_WARN_STRICT_PROTOTYPES = YES;
				CLANG_WARN_SUSPICIOUS_MOVE = YES;
				CLANG_WARN_UNGUARDED_AVAILABILITY = YES_AGGRESSIVE;
				CLANG_WARN_UNREACHABLE_CODE = YES;
				CLANG_WARN__DUPLICATE_METHOD_MATCH = YES;
				COPY_PHASE_STRIP = NO;
				DEBUG_INFORMATION_FORMAT = "dwarf-with-dsym";
				ENABLE_NS_ASSERTIONS = NO;
				ENABLE_STRICT_OBJC_MSGSEND = YES;
				GCC_C_LANGUAGE_STANDARD = gnu11;
				GCC_NO_COMMON_BLOCKS = YES;
				GCC_WARN_64_TO_32_BIT_CONVERSION = YES;
				GCC_WARN_ABOUT_RETURN_TYPE = YES_ERROR;
				GCC_WARN_UNDECLARED_SELECTOR = YES;
				GCC_WARN_UNINITIALIZED_AUTOS = YES_AGGRESSIVE;
				GCC_WARN_UNUSED_FUNCTION = YES;
				GCC_WARN_UNUSED_VARIABLE = YES;
				IPHONEOS_DEPLOYMENT_TARGET = 15.0;
				MTL_ENABLE_DEBUG_INFO = NO;
				MTL_FAST_MATH = YES;
				SDKROOT = iphoneos;
				SWIFT_COMPILATION_MODE = wholemodule;
				SWIFT_OPTIMIZATION_LEVEL = "-O";
				VALIDATE_PRODUCT = YES;
			};
			name = Release;
		};
		9246B1A627D5335E00C3A5DE /* Debug */ = {
			isa = XCBuildConfiguration;
			buildSettings = {
				ASSETCATALOG_COMPILER_APPICON_NAME = AppIcon;
				ASSETCATALOG_COMPILER_GLOBAL_ACCENT_COLOR_NAME = AccentColor;
				CODE_SIGN_STYLE = Automatic;
				CURRENT_PROJECT_VERSION = 1;
				DEVELOPMENT_TEAM = U64PC6F3M5;
				GENERATE_INFOPLIST_FILE = YES;
				INFOPLIST_FILE = News/Info.plist;
				INFOPLIST_KEY_UIApplicationSupportsIndirectInputEvents = YES;
				INFOPLIST_KEY_UILaunchStoryboardName = LaunchScreen;
				INFOPLIST_KEY_UIMainStoryboardFile = Main;
				INFOPLIST_KEY_UISupportedInterfaceOrientations = "UIInterfaceOrientationPortrait UIInterfaceOrientationLandscapeLeft UIInterfaceOrientationLandscapeRight";
				INFOPLIST_KEY_UISupportedInterfaceOrientations_iPad = "UIInterfaceOrientationPortrait UIInterfaceOrientationPortraitUpsideDown UIInterfaceOrientationLandscapeLeft UIInterfaceOrientationLandscapeRight";
				INFOPLIST_KEY_UISupportedInterfaceOrientations_iPhone = "UIInterfaceOrientationPortrait UIInterfaceOrientationLandscapeLeft UIInterfaceOrientationLandscapeRight";
				LD_RUNPATH_SEARCH_PATHS = (
					"$(inherited)",
					"@executable_path/Frameworks",
				);
				MARKETING_VERSION = 1.0;
				PRODUCT_BUNDLE_IDENTIFIER = "khatsuk007-gmail.com.News";
				PRODUCT_NAME = "$(TARGET_NAME)";
				SWIFT_EMIT_LOC_STRINGS = YES;
				SWIFT_VERSION = 5.0;
				TARGETED_DEVICE_FAMILY = "1,2";
			};
			name = Debug;
		};
		9246B1A727D5335E00C3A5DE /* Release */ = {
			isa = XCBuildConfiguration;
			buildSettings = {
				ASSETCATALOG_COMPILER_APPICON_NAME = AppIcon;
				ASSETCATALOG_COMPILER_GLOBAL_ACCENT_COLOR_NAME = AccentColor;
				CODE_SIGN_STYLE = Automatic;
				CURRENT_PROJECT_VERSION = 1;
				DEVELOPMENT_TEAM = U64PC6F3M5;
				GENERATE_INFOPLIST_FILE = YES;
				INFOPLIST_FILE = News/Info.plist;
				INFOPLIST_KEY_UIApplicationSupportsIndirectInputEvents = YES;
				INFOPLIST_KEY_UILaunchStoryboardName = LaunchScreen;
				INFOPLIST_KEY_UIMainStoryboardFile = Main;
				INFOPLIST_KEY_UISupportedInterfaceOrientations = "UIInterfaceOrientationPortrait UIInterfaceOrientationLandscapeLeft UIInterfaceOrientationLandscapeRight";
				INFOPLIST_KEY_UISupportedInterfaceOrientations_iPad = "UIInterfaceOrientationPortrait UIInterfaceOrientationPortraitUpsideDown UIInterfaceOrientationLandscapeLeft UIInterfaceOrientationLandscapeRight";
				INFOPLIST_KEY_UISupportedInterfaceOrientations_iPhone = "UIInterfaceOrientationPortrait UIInterfaceOrientationLandscapeLeft UIInterfaceOrientationLandscapeRight";
				LD_RUNPATH_SEARCH_PATHS = (
					"$(inherited)",
					"@executable_path/Frameworks",
				);
				MARKETING_VERSION = 1.0;
				PRODUCT_BUNDLE_IDENTIFIER = "khatsuk007-gmail.com.News";
				PRODUCT_NAME = "$(TARGET_NAME)";
				SWIFT_EMIT_LOC_STRINGS = YES;
				SWIFT_VERSION = 5.0;
				TARGETED_DEVICE_FAMILY = "1,2";
			};
			name = Release;
		};
/* End XCBuildConfiguration section */

/* Begin XCConfigurationList section */
		9246B18C27D5335C00C3A5DE /* Build configuration list for PBXProject "News" */ = {
			isa = XCConfigurationList;
			buildConfigurations = (
				9246B1A327D5335E00C3A5DE /* Debug */,
				9246B1A427D5335E00C3A5DE /* Release */,
			);
			defaultConfigurationIsVisible = 0;
			defaultConfigurationName = Release;
		};
		9246B1A527D5335E00C3A5DE /* Build configuration list for PBXNativeTarget "News" */ = {
			isa = XCConfigurationList;
			buildConfigurations = (
				9246B1A627D5335E00C3A5DE /* Debug */,
				9246B1A727D5335E00C3A5DE /* Release */,
			);
			defaultConfigurationIsVisible = 0;
			defaultConfigurationName = Release;
		};
/* End XCConfigurationList section */
	};
	rootObject = 9246B18927D5335C00C3A5DE /* Project object */;
}
